
Microsoft Visual Studio Solution File, Format Version 12.00
# Visual Studio Version 16
VisualStudioVersion = 16.0.31829.152
MinimumVisualStudioVersion = 10.0.40219.1
Project("{FAE04EC0-301F-11D3-BF4B-00C04F79EFBC}") = "SpellingBee", "SpellingBee.csproj", "{C23E595F-F1DC-4866-B352-C866C691CD1C}"
EndProject
Global
	GlobalSection(SolutionConfigurationPlatforms) = preSolution
		Debug|Any CPU = Debug|Any CPU
		Release|Any CPU = Release|Any CPU
	EndGlobalSection
	GlobalSection(ProjectConfigurationPlatforms) = postSolution
		{C23E595F-F1DC-4866-B352-C866C691CD1C}.Debug|Any CPU.ActiveCfg = Debug|Any CPU
		{C23E595F-F1DC-4866-B352-C866C691CD1C}.Debug|Any CPU.Build.0 = Debug|Any CPU
		{C23E595F-F1DC-4866-B352-C866C691CD1C}.Release|Any CPU.ActiveCfg = Release|Any CPU
		{C23E595F-F1DC-4866-B352-C866C691CD1C}.Release|Any CPU.Build.0 = Release|Any CPU
	EndGlobalSection
	GlobalSection(SolutionProperties) = preSolution
		HideSolutionNode = FALSE
	EndGlobalSection
	GlobalSection(ExtensibilityGlobals) = postSolution
		SolutionGuid = {C109EFE4-DE70-462D-AB52-9526476E23CF}
	EndGlobalSection
EndGlobal
